
Microsoft Visual Studio Solution File, Format Version 12.00
# Visual Studio Version 16
VisualStudioVersion = 16.0.29613.14
MinimumVisualStudioVersion = 10.0.40219.1
Project("{8BC9CEB8-8B4A-11D0-8D11-00A0C91BC942}") = "ICA9 ALG", "ICA9 ALG\ICA9 ALG.vcxproj", "{B5988C0E-050C-421B-8632-21008CDB2745}"
EndProject
Global
	GlobalSection(SolutionConfigurationPlatforms) = preSolution
		Debug|x64 = Debug|x64
		Debug|x86 = Debug|x86
		Release|x64 = Release|x64
		Release|x86 = Release|x86
	EndGlobalSection
	GlobalSection(ProjectConfigurationPlatforms) = postSolution
		{B5988C0E-050C-421B-8632-21008CDB2745}.Debug|x64.ActiveCfg = Debug|x64
		{B5988C0E-050C-421B-8632-21008CDB2745}.Debug|x64.Build.0 = Debug|x64
		{B5988C0E-050C-421B-8632-21008CDB2745}.Debug|x86.ActiveCfg = Debug|Win32
		{B5988C0E-050C-421B-8632-21008CDB2745}.Debug|x86.Build.0 = Debug|Win32
		{B5988C0E-050C-421B-8632-21008CDB2745}.Release|x64.ActiveCfg = Release|x64
		{B5988C0E-050C-421B-8632-21008CDB2745}.Release|x64.Build.0 = Release|x64
		{B5988C0E-050C-421B-8632-21008CDB2745}.Release|x86.ActiveCfg = Release|Win32
		{B5988C0E-050C-421B-8632-21008CDB2745}.Release|x86.Build.0 = Release|Win32
	EndGlobalSection
	GlobalSection(SolutionProperties) = preSolution
		HideSolutionNode = FALSE
	EndGlobalSection
	GlobalSection(ExtensibilityGlobals) = postSolution
		SolutionGuid = {87D8CF41-6AF0-4991-8AF2-114654B6F596}
	EndGlobalSection
EndGlobal
